
Microsoft Visual Studio Solution File, Format Version 12.00
# Visual Studio Version 17
VisualStudioVersion = 17.1.32210.238
MinimumVisualStudioVersion = 10.0.40219.1
Project("{2150E333-8FDC-42A3-9474-1A3956D46DE8}") = "source", "source", "{22586625-334B-49A3-902D-8543B4F39F14}"
EndProject
Project("{2150E333-8FDC-42A3-9474-1A3956D46DE8}") = "deployment", "deployment", "{24B4304D-0887-4A5D-B28B-B81961E83576}"
EndProject
Project("{2150E333-8FDC-42A3-9474-1A3956D46DE8}") = "tests", "tests", "{BAA5F05C-E423-4FE3-90DD-DC591BFAB580}"
EndProject
Project("{2150E333-8FDC-42A3-9474-1A3956D46DE8}") = "docker", "docker", "{B6A12DF8-0C0E-46F5-8005-9C9E3E26421B}"
	ProjectSection(SolutionItems) = preProject
		deployment\docker\docker-compose.yml = deployment\docker\docker-compose.yml
		Migration Commands.txt = Migration Commands.txt
	EndProjectSection
EndProject
Project("{2150E333-8FDC-42A3-9474-1A3956D46DE8}") = "services", "services", "{DCFB8BDA-53AF-49EC-9152-2AC6D7C35AA9}"
EndProject
Project("{2150E333-8FDC-42A3-9474-1A3956D46DE8}") = "building blocks", "building blocks", "{A7B1B2C3-4149-4F47-85E5-2F05B27FD0C4}"
EndProject
Project("{9A19103F-16F7-4668-BE54-9A1E7A4F7556}") = "CF.Core", "source\building blocks\CF.Core\CF.Core.csproj", "{F7C9E772-8EC9-4478-AB80-705355166980}"
EndProject
Project("{9A19103F-16F7-4668-BE54-9A1E7A4F7556}") = "CF.CustomMediator", "source\building blocks\CF.CustomMediator\CF.CustomMediator.csproj", "{C0D546C9-5240-4433-B279-342D47869800}"
EndProject
Project("{2150E333-8FDC-42A3-9474-1A3956D46DE8}") = "identity", "identity", "{A23379AE-A4B3-4B12-A59F-8F243299AC58}"
EndProject
Project("{9A19103F-16F7-4668-BE54-9A1E7A4F7556}") = "CF.Identity.API", "source\services\identity\CF.Identity.API\CF.Identity.API.csproj", "{8DCF38FB-F880-4524-AA1A-7B433677111F}"
EndProject
Project("{2150E333-8FDC-42A3-9474-1A3956D46DE8}") = "custom mediator", "custom mediator", "{CFE5CD46-2968-4AF1-8551-36037B513183}"
EndProject
Project("{9A19103F-16F7-4668-BE54-9A1E7A4F7556}") = "CF.CustomMediator.Tests", "tests\custom mediator\CF.CustomMediator.Tests\CF.CustomMediator.Tests.csproj", "{956BCF6F-8D2A-48F4-891B-583F3D7EDA17}"
EndProject
Project("{2150E333-8FDC-42A3-9474-1A3956D46DE8}") = "building blocks", "building blocks", "{196AE609-6538-4875-A842-4D87E8AA5F45}"
EndProject
Project("{9A19103F-16F7-4668-BE54-9A1E7A4F7556}") = "CF.Tests.Core", "tests\building blocks\CF.Tests.Core\CF.Tests.Core.csproj", "{8FD19BBF-754F-4517-9A8C-8649A627E651}"
EndProject
Project("{2150E333-8FDC-42A3-9474-1A3956D46DE8}") = "account", "account", "{034DF026-8AED-479E-908F-CF9009A58C18}"
EndProject
Project("{2150E333-8FDC-42A3-9474-1A3956D46DE8}") = "transactions", "transactions", "{7240995C-FB78-431D-A44C-66A9FB0987FF}"
EndProject
Project("{2150E333-8FDC-42A3-9474-1A3956D46DE8}") = "report", "report", "{1A109EBC-FD24-4997-97C2-2B1FAE7A5B17}"
EndProject
Project("{9A19103F-16F7-4668-BE54-9A1E7A4F7556}") = "CF.Account.API", "source\services\account\CF.Account.API\CF.Account.API.csproj", "{D8C93CF1-DCDA-403F-B43D-2C22E4355BAB}"
EndProject
Project("{9A19103F-16F7-4668-BE54-9A1E7A4F7556}") = "CF.Transactions.API", "source\services\transactions\CF.Transactions.API\CF.Transactions.API.csproj", "{BB4115BE-DFD1-4977-8A7D-0A84C42BA105}"
EndProject
Project("{9A19103F-16F7-4668-BE54-9A1E7A4F7556}") = "CF.Report.API", "source\services\report\CF.Report.API\CF.Report.API.csproj", "{436C30EE-481D-4666-9F68-B9282D3EC33F}"
EndProject
Project("{2150E333-8FDC-42A3-9474-1A3956D46DE8}") = "gateway", "gateway", "{0A0F4B2F-F01C-48C2-A3F5-9580CD5361FD}"
EndProject
Project("{2150E333-8FDC-42A3-9474-1A3956D46DE8}") = "documents", "documents", "{5192135A-B204-4719-BD2B-1C4EE7CFE59E}"
	ProjectSection(SolutionItems) = preProject
		documents\Cash Flow Solution Architecture.drawio.png = documents\Cash Flow Solution Architecture.drawio.png
	EndProjectSection
EndProject
Project("{9A19103F-16F7-4668-BE54-9A1E7A4F7556}") = "CF.APIGateway", "source\services\gateway\CF.APIGateway\CF.APIGateway.csproj", "{1BE5F69E-BF0C-4325-AABB-CA2120BB8C7D}"
EndProject
Project("{2150E333-8FDC-42A3-9474-1A3956D46DE8}") = "domain tests", "domain tests", "{0A57D412-8993-4179-A8B6-A611F597861B}"
EndProject
Project("{FAE04EC0-301F-11D3-BF4B-00C04F79EFBC}") = "CF.Domain.Tests", "tests\domain tests\CF.Domain.Tests\CF.Domain.Tests.csproj", "{7AC01787-8E32-471C-BE71-1F551EAFC5FD}"
EndProject
Global
	GlobalSection(SolutionConfigurationPlatforms) = preSolution
		Debug|Any CPU = Debug|Any CPU
		Release|Any CPU = Release|Any CPU
	EndGlobalSection
	GlobalSection(ProjectConfigurationPlatforms) = postSolution
		{F7C9E772-8EC9-4478-AB80-705355166980}.Debug|Any CPU.ActiveCfg = Debug|Any CPU
		{F7C9E772-8EC9-4478-AB80-705355166980}.Debug|Any CPU.Build.0 = Debug|Any CPU
		{F7C9E772-8EC9-4478-AB80-705355166980}.Release|Any CPU.ActiveCfg = Release|Any CPU
		{F7C9E772-8EC9-4478-AB80-705355166980}.Release|Any CPU.Build.0 = Release|Any CPU
		{C0D546C9-5240-4433-B279-342D47869800}.Debug|Any CPU.ActiveCfg = Debug|Any CPU
		{C0D546C9-5240-4433-B279-342D47869800}.Debug|Any CPU.Build.0 = Debug|Any CPU
		{C0D546C9-5240-4433-B279-342D47869800}.Release|Any CPU.ActiveCfg = Release|Any CPU
		{C0D546C9-5240-4433-B279-342D47869800}.Release|Any CPU.Build.0 = Release|Any CPU
		{8DCF38FB-F880-4524-AA1A-7B433677111F}.Debug|Any CPU.ActiveCfg = Debug|Any CPU
		{8DCF38FB-F880-4524-AA1A-7B433677111F}.Debug|Any CPU.Build.0 = Debug|Any CPU
		{8DCF38FB-F880-4524-AA1A-7B433677111F}.Release|Any CPU.ActiveCfg = Release|Any CPU
		{8DCF38FB-F880-4524-AA1A-7B433677111F}.Release|Any CPU.Build.0 = Release|Any CPU
		{956BCF6F-8D2A-48F4-891B-583F3D7EDA17}.Debug|Any CPU.ActiveCfg = Debug|Any CPU
		{956BCF6F-8D2A-48F4-891B-583F3D7EDA17}.Debug|Any CPU.Build.0 = Debug|Any CPU
		{956BCF6F-8D2A-48F4-891B-583F3D7EDA17}.Release|Any CPU.ActiveCfg = Release|Any CPU
		{956BCF6F-8D2A-48F4-891B-583F3D7EDA17}.Release|Any CPU.Build.0 = Release|Any CPU
		{8FD19BBF-754F-4517-9A8C-8649A627E651}.Debug|Any CPU.ActiveCfg = Debug|Any CPU
		{8FD19BBF-754F-4517-9A8C-8649A627E651}.Debug|Any CPU.Build.0 = Debug|Any CPU
		{8FD19BBF-754F-4517-9A8C-8649A627E651}.Release|Any CPU.ActiveCfg = Release|Any CPU
		{8FD19BBF-754F-4517-9A8C-8649A627E651}.Release|Any CPU.Build.0 = Release|Any CPU
		{D8C93CF1-DCDA-403F-B43D-2C22E4355BAB}.Debug|Any CPU.ActiveCfg = Debug|Any CPU
		{D8C93CF1-DCDA-403F-B43D-2C22E4355BAB}.Debug|Any CPU.Build.0 = Debug|Any CPU
		{D8C93CF1-DCDA-403F-B43D-2C22E4355BAB}.Release|Any CPU.ActiveCfg = Release|Any CPU
		{D8C93CF1-DCDA-403F-B43D-2C22E4355BAB}.Release|Any CPU.Build.0 = Release|Any CPU
		{BB4115BE-DFD1-4977-8A7D-0A84C42BA105}.Debug|Any CPU.ActiveCfg = Debug|Any CPU
		{BB4115BE-DFD1-4977-8A7D-0A84C42BA105}.Debug|Any CPU.Build.0 = Debug|Any CPU
		{BB4115BE-DFD1-4977-8A7D-0A84C42BA105}.Release|Any CPU.ActiveCfg = Release|Any CPU
		{BB4115BE-DFD1-4977-8A7D-0A84C42BA105}.Release|Any CPU.Build.0 = Release|Any CPU
		{436C30EE-481D-4666-9F68-B9282D3EC33F}.Debug|Any CPU.ActiveCfg = Debug|Any CPU
		{436C30EE-481D-4666-9F68-B9282D3EC33F}.Debug|Any CPU.Build.0 = Debug|Any CPU
		{436C30EE-481D-4666-9F68-B9282D3EC33F}.Release|Any CPU.ActiveCfg = Release|Any CPU
		{436C30EE-481D-4666-9F68-B9282D3EC33F}.Release|Any CPU.Build.0 = Release|Any CPU
		{1BE5F69E-BF0C-4325-AABB-CA2120BB8C7D}.Debug|Any CPU.ActiveCfg = Debug|Any CPU
		{1BE5F69E-BF0C-4325-AABB-CA2120BB8C7D}.Debug|Any CPU.Build.0 = Debug|Any CPU
		{1BE5F69E-BF0C-4325-AABB-CA2120BB8C7D}.Release|Any CPU.ActiveCfg = Release|Any CPU
		{1BE5F69E-BF0C-4325-AABB-CA2120BB8C7D}.Release|Any CPU.Build.0 = Release|Any CPU
		{7AC01787-8E32-471C-BE71-1F551EAFC5FD}.Debug|Any CPU.ActiveCfg = Debug|Any CPU
		{7AC01787-8E32-471C-BE71-1F551EAFC5FD}.Debug|Any CPU.Build.0 = Debug|Any CPU
		{7AC01787-8E32-471C-BE71-1F551EAFC5FD}.Release|Any CPU.ActiveCfg = Release|Any CPU
		{7AC01787-8E32-471C-BE71-1F551EAFC5FD}.Release|Any CPU.Build.0 = Release|Any CPU
	EndGlobalSection
	GlobalSection(SolutionProperties) = preSolution
		HideSolutionNode = FALSE
	EndGlobalSection
	GlobalSection(NestedProjects) = preSolution
		{B6A12DF8-0C0E-46F5-8005-9C9E3E26421B} = {24B4304D-0887-4A5D-B28B-B81961E83576}
		{DCFB8BDA-53AF-49EC-9152-2AC6D7C35AA9} = {22586625-334B-49A3-902D-8543B4F39F14}
		{A7B1B2C3-4149-4F47-85E5-2F05B27FD0C4} = {22586625-334B-49A3-902D-8543B4F39F14}
		{F7C9E772-8EC9-4478-AB80-705355166980} = {A7B1B2C3-4149-4F47-85E5-2F05B27FD0C4}
		{C0D546C9-5240-4433-B279-342D47869800} = {A7B1B2C3-4149-4F47-85E5-2F05B27FD0C4}
		{A23379AE-A4B3-4B12-A59F-8F243299AC58} = {DCFB8BDA-53AF-49EC-9152-2AC6D7C35AA9}
		{8DCF38FB-F880-4524-AA1A-7B433677111F} = {A23379AE-A4B3-4B12-A59F-8F243299AC58}
		{CFE5CD46-2968-4AF1-8551-36037B513183} = {BAA5F05C-E423-4FE3-90DD-DC591BFAB580}
		{956BCF6F-8D2A-48F4-891B-583F3D7EDA17} = {CFE5CD46-2968-4AF1-8551-36037B513183}
		{196AE609-6538-4875-A842-4D87E8AA5F45} = {BAA5F05C-E423-4FE3-90DD-DC591BFAB580}
		{8FD19BBF-754F-4517-9A8C-8649A627E651} = {196AE609-6538-4875-A842-4D87E8AA5F45}
		{034DF026-8AED-479E-908F-CF9009A58C18} = {DCFB8BDA-53AF-49EC-9152-2AC6D7C35AA9}
		{7240995C-FB78-431D-A44C-66A9FB0987FF} = {DCFB8BDA-53AF-49EC-9152-2AC6D7C35AA9}
		{1A109EBC-FD24-4997-97C2-2B1FAE7A5B17} = {DCFB8BDA-53AF-49EC-9152-2AC6D7C35AA9}
		{D8C93CF1-DCDA-403F-B43D-2C22E4355BAB} = {034DF026-8AED-479E-908F-CF9009A58C18}
		{BB4115BE-DFD1-4977-8A7D-0A84C42BA105} = {7240995C-FB78-431D-A44C-66A9FB0987FF}
		{436C30EE-481D-4666-9F68-B9282D3EC33F} = {1A109EBC-FD24-4997-97C2-2B1FAE7A5B17}
		{0A0F4B2F-F01C-48C2-A3F5-9580CD5361FD} = {DCFB8BDA-53AF-49EC-9152-2AC6D7C35AA9}
		{1BE5F69E-BF0C-4325-AABB-CA2120BB8C7D} = {0A0F4B2F-F01C-48C2-A3F5-9580CD5361FD}
		{0A57D412-8993-4179-A8B6-A611F597861B} = {BAA5F05C-E423-4FE3-90DD-DC591BFAB580}
		{7AC01787-8E32-471C-BE71-1F551EAFC5FD} = {0A57D412-8993-4179-A8B6-A611F597861B}
	EndGlobalSection
	GlobalSection(ExtensibilityGlobals) = postSolution
		SolutionGuid = {8BEFEEAB-B0F6-425B-B6A8-78C82D2477D2}
	EndGlobalSection
EndGlobal
